# This file is automatically @generated by Cargo.
# It is not intended for manual editing.
[[package]]
name = "latex2mathml"
version = "0.2.0"
source = "registry+https://github.com/rust-lang/crates.io-index"
checksum = "87a5a758ae654db50e12821f35a7592e3f5a3d27e3ff8dd9f53f9ffc1b96923e"

[[package]]
name = "murasaki"
version = "0.1.0"
dependencies = [
 "latex2mathml",
]
