# This file is automatically @generated by Cargo.
# It is not intended for manual editing.
[[package]]
name = "latex2mathml"
version = "0.1.1"
source = "registry+https://github.com/rust-lang/crates.io-index"
checksum = "48f0fff1626a3ac864a417b501fbd78bc71cd6dfebde6467ef05903043476fec"

[[package]]
name = "murasaki"
version = "0.1.0"
dependencies = [
 "latex2mathml",
]
